Microsoft Visual Studio Solution File, Format Version 12.00
# Visual Studio Version 17
VisualStudioVersion = 17.5.2.0
MinimumVisualStudioVersion = 10.0.40219.1
Project("{FAE04EC0-301F-11D3-BF4B-00C04F79EFBC}") = "Vending-Machine-DevOS", "Vending-Machine-DevOS.csproj", "{D9B863A1-4668-E292-C89C-E371E1BC3E88}"
EndProject
Global
	GlobalSection(SolutionConfigurationPlatforms) = preSolution
		Debug|Any CPU = Debug|Any CPU
		Release|Any CPU = Release|Any CPU
	EndGlobalSection
	GlobalSection(ProjectConfigurationPlatforms) = postSolution
		{D9B863A1-4668-E292-C89C-E371E1BC3E88}.Debug|Any CPU.ActiveCfg = Debug|Any CPU
		{D9B863A1-4668-E292-C89C-E371E1BC3E88}.Debug|Any CPU.Build.0 = Debug|Any CPU
		{D9B863A1-4668-E292-C89C-E371E1BC3E88}.Release|Any CPU.ActiveCfg = Release|Any CPU
		{D9B863A1-4668-E292-C89C-E371E1BC3E88}.Release|Any CPU.Build.0 = Release|Any CPU
	EndGlobalSection
	GlobalSection(SolutionProperties) = preSolution
		HideSolutionNode = FALSE
	EndGlobalSection
	GlobalSection(ExtensibilityGlobals) = postSolution
		SolutionGuid = {EC5BDE14-B97A-473B-809A-E5D1D94BDCBB}
	EndGlobalSection
EndGlobal
